Microsoft Visual Studio Solution File, Format Version 12.00
# Visual Studio Version 17
VisualStudioVersion = 17.0.31903.59
MinimumVisualStudioVersion = 10.0.40219.1
Project("{9A19103F-16F7-4668-BE54-9A1E7A4F7556}") = "TrainLtR", "TrainLtR\TrainLtR.csproj", "{D188E5D7-D491-422B-A1E8-9BDD43C01235}"
EndProject
Project("{9A19103F-16F7-4668-BE54-9A1E7A4F7556}") = "PredictLtR", "PredictLtR\PredictLtR.csproj", "{7C3BF84F-BCA8-4734-BFD9-484FAB17EA3D}"
EndProject
Global
	GlobalSection(SolutionConfigurationPlatforms) = preSolution
		Debug|Any CPU = Debug|Any CPU
		Release|Any CPU = Release|Any CPU
	EndGlobalSection
	GlobalSection(ProjectConfigurationPlatforms) = postSolution
		{D188E5D7-D491-422B-A1E8-9BDD43C01235}.Debug|Any CPU.ActiveCfg = Debug|Any CPU
		{D188E5D7-D491-422B-A1E8-9BDD43C01235}.Debug|Any CPU.Build.0 = Debug|Any CPU
		{D188E5D7-D491-422B-A1E8-9BDD43C01235}.Release|Any CPU.ActiveCfg = Release|Any CPU
		{D188E5D7-D491-422B-A1E8-9BDD43C01235}.Release|Any CPU.Build.0 = Release|Any CPU
		{7C3BF84F-BCA8-4734-BFD9-484FAB17EA3D}.Debug|Any CPU.ActiveCfg = Debug|Any CPU
		{7C3BF84F-BCA8-4734-BFD9-484FAB17EA3D}.Debug|Any CPU.Build.0 = Debug|Any CPU
		{7C3BF84F-BCA8-4734-BFD9-484FAB17EA3D}.Release|Any CPU.ActiveCfg = Release|Any CPU
		{7C3BF84F-BCA8-4734-BFD9-484FAB17EA3D}.Release|Any CPU.Build.0 = Release|Any CPU
	EndGlobalSection
	GlobalSection(SolutionProperties) = preSolution
		HideSolutionNode = FALSE
	EndGlobalSection
	GlobalSection(ExtensibilityGlobals) = postSolution
		SolutionGuid = {1568AA12-9C5C-4DF4-B5B3-4E9184F62946}
	EndGlobalSection
EndGlobal